// !$*UTF8*$!
{
	archiveVersion = 1;
	classes = {
	};
	objectVersion = 50;
	objects = {

/* Begin PBXBuildFile section */
		781C4DD6212AEDAC0075168E /* Result.swift in Sources */ = {isa = PBXBuildFile; fileRef = 781C4DD5212AEDAC0075168E /* Result.swift */; };
		781C4DDD212AF6960075168E /* NetworkHelper.swift in Sources */ = {isa = PBXBuildFile; fileRef = 781C4DDC212AF6960075168E /* NetworkHelper.swift */; };
		781C4DDF212B01660075168E /* NetworkHelperMock.swift in Sources */ = {isa = PBXBuildFile; fileRef = 781C4DDE212B01660075168E /* NetworkHelperMock.swift */; };
		781C4DE1212B0E000075168E /* movieDetailsMock.json in Resources */ = {isa = PBXBuildFile; fileRef = 781C4DE0212B0E000075168E /* movieDetailsMock.json */; };
		781C4DE3212B18360075168E /* personDetailsMock.json in Resources */ = {isa = PBXBuildFile; fileRef = 781C4DE2212B18360075168E /* personDetailsMock.json */; };
		781C4DE5212B2CB40075168E /* PagedProvider.swift in Sources */ = {isa = PBXBuildFile; fileRef = 781C4DE4212B2CB40075168E /* PagedProvider.swift */; };
		781C4DE9212B398D0075168E /* RemoteMoviesSearchProvider.swift in Sources */ = {isa = PBXBuildFile; fileRef = 781C4DE8212B398D0075168E /* RemoteMoviesSearchProvider.swift */; };
		781C4DED212B50C90075168E /* RemoteDetailedMovieSearchProvider.swift in Sources */ = {isa = PBXBuildFile; fileRef = 781C4DEC212B50C90075168E /* RemoteDetailedMovieSearchProvider.swift */; };
		7856BB2621295C4B0057A193 /* API.swift in Sources */ = {isa = PBXBuildFile; fileRef = 7856BB2521295C4B0057A193 /* API.swift */; };
		7856BB2B212960610057A193 /* SearchAPITest.swift in Sources */ = {isa = PBXBuildFile; fileRef = 7856BB2321295B5F0057A193 /* SearchAPITest.swift */; };
		7856BB3221299CB20057A193 /* Movie.swift in Sources */ = {isa = PBXBuildFile; fileRef = 7856BB3121299CB20057A193 /* Movie.swift */; };
		7856BB3621299DBC0057A193 /* Person.swift in Sources */ = {isa = PBXBuildFile; fileRef = 7856BB3521299DBC0057A193 /* Person.swift */; };
		7856BB3821299DC70057A193 /* Review.swift in Sources */ = {isa = PBXBuildFile; fileRef = 7856BB3721299DC70057A193 /* Review.swift */; };
		7856BB3C21299EDD0057A193 /* MovieDetailsProvider.swift in Sources */ = {isa = PBXBuildFile; fileRef = 7856BB3B21299EDD0057A193 /* MovieDetailsProvider.swift */; };
		7856BB4021299F0C0057A193 /* PersonDetailsProvider.swift in Sources */ = {isa = PBXBuildFile; fileRef = 7856BB3F21299F0C0057A193 /* PersonDetailsProvider.swift */; };
		7856BB4221299F1E0057A193 /* MoviesSearchProvider.swift in Sources */ = {isa = PBXBuildFile; fileRef = 7856BB4121299F1E0057A193 /* MoviesSearchProvider.swift */; };
		7856BB462129A2390057A193 /* MovieDetailsReceiver.swift in Sources */ = {isa = PBXBuildFile; fileRef = 7856BB452129A2390057A193 /* MovieDetailsReceiver.swift */; };
		7856BB482129A2430057A193 /* PersonDetailsReceiver.swift in Sources */ = {isa = PBXBuildFile; fileRef = 7856BB472129A2430057A193 /* PersonDetailsReceiver.swift */; };
		7856BB4A2129A4830057A193 /* MovieSearchAPI.swift in Sources */ = {isa = PBXBuildFile; fileRef = 7856BB492129A4830057A193 /* MovieSearchAPI.swift */; };
		7856BB4C2129A48D0057A193 /* MovieAPI.swift in Sources */ = {isa = PBXBuildFile; fileRef = 7856BB4B2129A48D0057A193 /* MovieAPI.swift */; };
		7856BB4E2129A4970057A193 /* PersonAPI.swift in Sources */ = {isa = PBXBuildFile; fileRef = 7856BB4D2129A4970057A193 /* PersonAPI.swift */; };
		7856BB582129A6990057A193 /* MovieRS.swift in Sources */ = {isa = PBXBuildFile; fileRef = 7856BB572129A6990057A193 /* MovieRS.swift */; };
		7856BB5A2129A6A40057A193 /* PersonRS.swift in Sources */ = {isa = PBXBuildFile; fileRef = 7856BB592129A6A40057A193 /* PersonRS.swift */; };
		7856BB5C2129A6AB0057A193 /* ReviewRS.swift in Sources */ = {isa = PBXBuildFile; fileRef = 7856BB5B2129A6AB0057A193 /* ReviewRS.swift */; };
		7856BB5E2129AC410057A193 /* DetailedMoviesSearchProvider.swift in Sources */ = {isa = PBXBuildFile; fileRef = 7856BB5D2129AC410057A193 /* DetailedMoviesSearchProvider.swift */; };
		7856BB662129B02A0057A193 /* ReviewsProvider.swift in Sources */ = {isa = PBXBuildFile; fileRef = 7856BB652129B02A0057A193 /* ReviewsProvider.swift */; };
		7856BB682129B04B0057A193 /* MoviesProvider.swift in Sources */ = {isa = PBXBuildFile; fileRef = 7856BB672129B04B0057A193 /* MoviesProvider.swift */; };
		7856BB6A2129B06F0057A193 /* MoviesReceiver.swift in Sources */ = {isa = PBXBuildFile; fileRef = 7856BB692129B06F0057A193 /* MoviesReceiver.swift */; };
		7856BB6C2129B08F0057A193 /* RemoteMovieDetailsProvider.swift in Sources */ = {isa = PBXBuildFile; fileRef = 7856BB6B2129B08F0057A193 /* RemoteMovieDetailsProvider.swift */; };
		7856BB6E2129B0990057A193 /* RemotePersonDetailsProvider.swift in Sources */ = {isa = PBXBuildFile; fileRef = 7856BB6D2129B0990057A193 /* RemotePersonDetailsProvider.swift */; };
		7856BB702129B1E90057A193 /* Genre.swift in Sources */ = {isa = PBXBuildFile; fileRef = 7856BB6F2129B1E90057A193 /* Genre.swift */; };
		7856BB722129B5170057A193 /* ReviewsReceiver.swift in Sources */ = {isa = PBXBuildFile; fileRef = 7856BB712129B5170057A193 /* ReviewsReceiver.swift */; };
		7856BB7E2129EF040057A193 /* RemoteServerMappingTest.swift in Sources */ = {isa = PBXBuildFile; fileRef = 7856BB7D2129EF040057A193 /* RemoteServerMappingTest.swift */; };
		787517AC212BCD190030F2DD /* RemotePopularMoviesProvider.swift in Sources */ = {isa = PBXBuildFile; fileRef = 787517AB212BCD190030F2DD /* RemotePopularMoviesProvider.swift */; };
		787517AE212BCF5D0030F2DD /* RemoteTopRatedMoviesProvider.swift in Sources */ = {isa = PBXBuildFile; fileRef = 787517AD212BCF5D0030F2DD /* RemoteTopRatedMoviesProvider.swift */; };
		787517B0212BD2360030F2DD /* RemoteReviewsProvider.swift in Sources */ = {isa = PBXBuildFile; fileRef = 787517AF212BD2360030F2DD /* RemoteReviewsProvider.swift */; };
		78CFD332212873B900519038 /* AppDelegate.swift in Sources */ = {isa = PBXBuildFile; fileRef = 78CFD331212873B900519038 /* AppDelegate.swift */; };
		78CFD334212873B900519038 /* ViewController.swift in Sources */ = {isa = PBXBuildFile; fileRef = 78CFD333212873B900519038 /* ViewController.swift */; };
		78CFD337212873B900519038 /* Main.storyboard in Resources */ = {isa = PBXBuildFile; fileRef = 78CFD335212873B900519038 /* Main.storyboard */; };
		78CFD33A212873B900519038 /* MovieDB.xcdatamodeld in Sources */ = {isa = PBXBuildFile; fileRef = 78CFD338212873B900519038 /* MovieDB.xcdatamodeld */; };
		78CFD33C212873C000519038 /* Assets.xcassets in Resources */ = {isa = PBXBuildFile; fileRef = 78CFD33B212873C000519038 /* Assets.xcassets */; };
		78CFD33F212873C000519038 /* LaunchScreen.storyboard in Resources */ = {isa = PBXBuildFile; fileRef = 78CFD33D212873C000519038 /* LaunchScreen.storyboard */; };
		78CFD34A212873C000519038 /* MovieDBTests.swift in Sources */ = {isa = PBXBuildFile; fileRef = 78CFD349212873C000519038 /* MovieDBTests.swift */; };
		78CFD355212873C000519038 /* MovieDBUITests.swift in Sources */ = {isa = PBXBuildFile; fileRef = 78CFD354212873C000519038 /* MovieDBUITests.swift */; };
		8172A882745FC448A3930A92 /* Pods_MovieDB.framework in Frameworks */ = {isa = PBXBuildFile; fileRef = B9128B7C05B4D3AA0448198E /* Pods_MovieDB.framework */; };
		9FA048D1D2F9FFDABD8638E0 /* Pods_MovieDBUITests.framework in Frameworks */ = {isa = PBXBuildFile; fileRef = 77E111F2D7CB33199A0F41DA /* Pods_MovieDBUITests.framework */; };
		D94D00E40B4443FEDC2B9015 /* Pods_MovieDBTests.framework in Frameworks */ = {isa = PBXBuildFile; fileRef = 4524388A3B3CA88B1486FFBE /* Pods_MovieDBTests.framework */; };
/* End PBXBuildFile section */

/* Begin PBXContainerItemProxy section */
		78CFD346212873C000519038 /* PBXContainerItemProxy */ = {
			isa = PBXContainerItemProxy;
			containerPortal = 78CFD326212873B900519038 /* Project object */;
			proxyType = 1;
			remoteGlobalIDString = 78CFD32D212873B900519038;
			remoteInfo = MovieDB;
		};
		78CFD351212873C000519038 /* PBXContainerItemProxy */ = {
			isa = PBXContainerItemProxy;
			containerPortal = 78CFD326212873B900519038 /* Project object */;
			proxyType = 1;
			remoteGlobalIDString = 78CFD32D212873B900519038;
			remoteInfo = MovieDB;
		};
/* End PBXContainerItemProxy section */

/* Begin PBXFileReference section */
		43150E8BF9686D06E9BA190A /* Pods-MovieDB.debug.xcconfig */ = {isa = PBXFileReference; includeInIndex = 1; lastKnownFileType = text.xcconfig; name = "Pods-MovieDB.debug.xcconfig"; path = "Pods/Target Support Files/Pods-MovieDB/Pods-MovieDB.debug.xcconfig"; sourceTree = "<group>"; };
		4524388A3B3CA88B1486FFBE /* Pods_MovieDBTests.framework */ = {isa = PBXFileReference; explicitFileType = wrapper.framework; includeInIndex = 0; path = Pods_MovieDBTests.framework; sourceTree = BUILT_PRODUCTS_DIR; };
		46ED782BB50E3619DB075948 /* Pods-MovieDB.release.xcconfig */ = {isa = PBXFileReference; includeInIndex = 1; lastKnownFileType = text.xcconfig; name = "Pods-MovieDB.release.xcconfig"; path = "Pods/Target Support Files/Pods-MovieDB/Pods-MovieDB.release.xcconfig"; sourceTree = "<group>"; };
		77E111F2D7CB33199A0F41DA /* Pods_MovieDBUITests.framework */ = {isa = PBXFileReference; explicitFileType = wrapper.framework; includeInIndex = 0; path = Pods_MovieDBUITests.framework; sourceTree = BUILT_PRODUCTS_DIR; };
		781C4DD5212AEDAC0075168E /* Result.swift */ = {isa = PBXFileReference; lastKnownFileType = sourcecode.swift; path = Result.swift; sourceTree = "<group>"; };
		781C4DDC212AF6960075168E /* NetworkHelper.swift */ = {isa = PBXFileReference; lastKnownFileType = sourcecode.swift; path = NetworkHelper.swift; sourceTree = "<group>"; };
		781C4DDE212B01660075168E /* NetworkHelperMock.swift */ = {isa = PBXFileReference; lastKnownFileType = sourcecode.swift; path = NetworkHelperMock.swift; sourceTree = "<group>"; };
		781C4DE0212B0E000075168E /* movieDetailsMock.json */ = {isa = PBXFileReference; fileEncoding = 4; lastKnownFileType = text.json; path = movieDetailsMock.json; sourceTree = "<group>"; };
		781C4DE2212B18360075168E /* personDetailsMock.json */ = {isa = PBXFileReference; lastKnownFileType = text.json; path = personDetailsMock.json; sourceTree = "<group>"; };
		781C4DE4212B2CB40075168E /* PagedProvider.swift */ = {isa = PBXFileReference; lastKnownFileType = sourcecode.swift; path = PagedProvider.swift; sourceTree = "<group>"; };
		781C4DE8212B398D0075168E /* RemoteMoviesSearchProvider.swift */ = {isa = PBXFileReference; lastKnownFileType = sourcecode.swift; path = RemoteMoviesSearchProvider.swift; sourceTree = "<group>"; };
		781C4DEC212B50C90075168E /* RemoteDetailedMovieSearchProvider.swift */ = {isa = PBXFileReference; lastKnownFileType = sourcecode.swift; path = RemoteDetailedMovieSearchProvider.swift; sourceTree = "<group>"; };
		7856BB2321295B5F0057A193 /* SearchAPITest.swift */ = {isa = PBXFileReference; lastKnownFileType = sourcecode.swift; path = SearchAPITest.swift; sourceTree = "<group>"; };
		7856BB2521295C4B0057A193 /* API.swift */ = {isa = PBXFileReference; lastKnownFileType = sourcecode.swift; path = API.swift; sourceTree = "<group>"; };
		7856BB3121299CB20057A193 /* Movie.swift */ = {isa = PBXFileReference; lastKnownFileType = sourcecode.swift; path = Movie.swift; sourceTree = "<group>"; };
		7856BB3521299DBC0057A193 /* Person.swift */ = {isa = PBXFileReference; lastKnownFileType = sourcecode.swift; path = Person.swift; sourceTree = "<group>"; };
		7856BB3721299DC70057A193 /* Review.swift */ = {isa = PBXFileReference; lastKnownFileType = sourcecode.swift; path = Review.swift; sourceTree = "<group>"; };
		7856BB3B21299EDD0057A193 /* MovieDetailsProvider.swift */ = {isa = PBXFileReference; lastKnownFileType = sourcecode.swift; path = MovieDetailsProvider.swift; sourceTree = "<group>"; };
		7856BB3F21299F0C0057A193 /* PersonDetailsProvider.swift */ = {isa = PBXFileReference; lastKnownFileType = sourcecode.swift; path = PersonDetailsProvider.swift; sourceTree = "<group>"; };
		7856BB4121299F1E0057A193 /* MoviesSearchProvider.swift */ = {isa = PBXFileReference; lastKnownFileType = sourcecode.swift; path = MoviesSearchProvider.swift; sourceTree = "<group>"; };
		7856BB452129A2390057A193 /* MovieDetailsReceiver.swift */ = {isa = PBXFileReference; lastKnownFileType = sourcecode.swift; path = MovieDetailsReceiver.swift; sourceTree = "<group>"; };
		7856BB472129A2430057A193 /* PersonDetailsReceiver.swift */ = {isa = PBXFileReference; lastKnownFileType = sourcecode.swift; path = PersonDetailsReceiver.swift; sourceTree = "<group>"; };
		7856BB492129A4830057A193 /* MovieSearchAPI.swift */ = {isa = PBXFileReference; lastKnownFileType = sourcecode.swift; path = MovieSearchAPI.swift; sourceTree = "<group>"; };
		7856BB4B2129A48D0057A193 /* MovieAPI.swift */ = {isa = PBXFileReference; lastKnownFileType = sourcecode.swift; path = MovieAPI.swift; sourceTree = "<group>"; };
		7856BB4D2129A4970057A193 /* PersonAPI.swift */ = {isa = PBXFileReference; lastKnownFileType = sourcecode.swift; path = PersonAPI.swift; sourceTree = "<group>"; };
		7856BB572129A6990057A193 /* MovieRS.swift */ = {isa = PBXFileReference; lastKnownFileType = sourcecode.swift; path = MovieRS.swift; sourceTree = "<group>"; };
		7856BB592129A6A40057A193 /* PersonRS.swift */ = {isa = PBXFileReference; lastKnownFileType = sourcecode.swift; path = PersonRS.swift; sourceTree = "<group>"; };
		7856BB5B2129A6AB0057A193 /* ReviewRS.swift */ = {isa = PBXFileReference; lastKnownFileType = sourcecode.swift; path = ReviewRS.swift; sourceTree = "<group>"; };
		7856BB5D2129AC410057A193 /* DetailedMoviesSearchProvider.swift */ = {isa = PBXFileReference; lastKnownFileType = sourcecode.swift; path = DetailedMoviesSearchProvider.swift; sourceTree = "<group>"; };
		7856BB652129B02A0057A193 /* ReviewsProvider.swift */ = {isa = PBXFileReference; lastKnownFileType = sourcecode.swift; path = ReviewsProvider.swift; sourceTree = "<group>"; };
		7856BB672129B04B0057A193 /* MoviesProvider.swift */ = {isa = PBXFileReference; lastKnownFileType = sourcecode.swift; path = MoviesProvider.swift; sourceTree = "<group>"; };
		7856BB692129B06F0057A193 /* MoviesReceiver.swift */ = {isa = PBXFileReference; lastKnownFileType = sourcecode.swift; path = MoviesReceiver.swift; sourceTree = "<group>"; };
		7856BB6B2129B08F0057A193 /* RemoteMovieDetailsProvider.swift */ = {isa = PBXFileReference; lastKnownFileType = sourcecode.swift; path = RemoteMovieDetailsProvider.swift; sourceTree = "<group>"; };
		7856BB6D2129B0990057A193 /* RemotePersonDetailsProvider.swift */ = {isa = PBXFileReference; lastKnownFileType = sourcecode.swift; path = RemotePersonDetailsProvider.swift; sourceTree = "<group>"; };
		7856BB6F2129B1E90057A193 /* Genre.swift */ = {isa = PBXFileReference; lastKnownFileType = sourcecode.swift; path = Genre.swift; sourceTree = "<group>"; };
		7856BB712129B5170057A193 /* ReviewsReceiver.swift */ = {isa = PBXFileReference; lastKnownFileType = sourcecode.swift; path = ReviewsReceiver.swift; sourceTree = "<group>"; };
		7856BB7D2129EF040057A193 /* RemoteServerMappingTest.swift */ = {isa = PBXFileReference; lastKnownFileType = sourcecode.swift; path = RemoteServerMappingTest.swift; sourceTree = "<group>"; };
		787517AB212BCD190030F2DD /* RemotePopularMoviesProvider.swift */ = {isa = PBXFileReference; lastKnownFileType = sourcecode.swift; path = RemotePopularMoviesProvider.swift; sourceTree = "<group>"; };
		787517AD212BCF5D0030F2DD /* RemoteTopRatedMoviesProvider.swift */ = {isa = PBXFileReference; lastKnownFileType = sourcecode.swift; path = RemoteTopRatedMoviesProvider.swift; sourceTree = "<group>"; };
		787517AF212BD2360030F2DD /* RemoteReviewsProvider.swift */ = {isa = PBXFileReference; lastKnownFileType = sourcecode.swift; path = RemoteReviewsProvider.swift; sourceTree = "<group>"; };
		78CFD32E212873B900519038 /* MovieDB.app */ = {isa = PBXFileReference; explicitFileType = wrapper.application; includeInIndex = 0; path = MovieDB.app; sourceTree = BUILT_PRODUCTS_DIR; };
		78CFD331212873B900519038 /* AppDelegate.swift */ = {isa = PBXFileReference; lastKnownFileType = sourcecode.swift; path = AppDelegate.swift; sourceTree = "<group>"; };
		78CFD333212873B900519038 /* ViewController.swift */ = {isa = PBXFileReference; lastKnownFileType = sourcecode.swift; path = ViewController.swift; sourceTree = "<group>"; };
		78CFD336212873B900519038 /* Base */ = {isa = PBXFileReference; lastKnownFileType = file.storyboard; name = Base; path = Base.lproj/Main.storyboard; sourceTree = "<group>"; };
		78CFD339212873B900519038 /* MovieDB.xcdatamodel */ = {isa = PBXFileReference; lastKnownFileType = wrapper.xcdatamodel; path = MovieDB.xcdatamodel; sourceTree = "<group>"; };
		78CFD33B212873C000519038 /* Assets.xcassets */ = {isa = PBXFileReference; lastKnownFileType = folder.assetcatalog; path = Assets.xcassets; sourceTree = "<group>"; };
		78CFD33E212873C000519038 /* Base */ = {isa = PBXFileReference; lastKnownFileType = file.storyboard; name = Base; path = Base.lproj/LaunchScreen.storyboard; sourceTree = "<group>"; };
		78CFD340212873C000519038 /* Info.plist */ = {isa = PBXFileReference; lastKnownFileType = text.plist.xml; path = Info.plist; sourceTree = "<group>"; };
		78CFD345212873C000519038 /* MovieDBTests.xctest */ = {isa = PBXFileReference; explicitFileType = wrapper.cfbundle; includeInIndex = 0; path = MovieDBTests.xctest; sourceTree = BUILT_PRODUCTS_DIR; };
		78CFD349212873C000519038 /* MovieDBTests.swift */ = {isa = PBXFileReference; lastKnownFileType = sourcecode.swift; path = MovieDBTests.swift; sourceTree = "<group>"; };
		78CFD34B212873C000519038 /* Info.plist */ = {isa = PBXFileReference; lastKnownFileType = text.plist.xml; path = Info.plist; sourceTree = "<group>"; };
		78CFD350212873C000519038 /* MovieDBUITests.xctest */ = {isa = PBXFileReference; explicitFileType = wrapper.cfbundle; includeInIndex = 0; path = MovieDBUITests.xctest; sourceTree = BUILT_PRODUCTS_DIR; };
		78CFD354212873C000519038 /* MovieDBUITests.swift */ = {isa = PBXFileReference; lastKnownFileType = sourcecode.swift; path = MovieDBUITests.swift; sourceTree = "<group>"; };
		78CFD356212873C000519038 /* Info.plist */ = {isa = PBXFileReference; lastKnownFileType = text.plist.xml; path = Info.plist; sourceTree = "<group>"; };
		B9128B7C05B4D3AA0448198E /* Pods_MovieDB.framework */ = {isa = PBXFileReference; explicitFileType = wrapper.framework; includeInIndex = 0; path = Pods_MovieDB.framework; sourceTree = BUILT_PRODUCTS_DIR; };
		BE507E0CC0B8E725F747FECC /* Pods-MovieDBTests.release.xcconfig */ = {isa = PBXFileReference; includeInIndex = 1; lastKnownFileType = text.xcconfig; name = "Pods-MovieDBTests.release.xcconfig"; path = "Pods/Target Support Files/Pods-MovieDBTests/Pods-MovieDBTests.release.xcconfig"; sourceTree = "<group>"; };
		BF3260C247D60CF2EC2F2BAA /* Pods-MovieDBUITests.release.xcconfig */ = {isa = PBXFileReference; includeInIndex = 1; lastKnownFileType = text.xcconfig; name = "Pods-MovieDBUITests.release.xcconfig"; path = "Pods/Target Support Files/Pods-MovieDBUITests/Pods-MovieDBUITests.release.xcconfig"; sourceTree = "<group>"; };
		BFDC523916CE9C3821A0C236 /* Pods-MovieDBUITests.debug.xcconfig */ = {isa = PBXFileReference; includeInIndex = 1; lastKnownFileType = text.xcconfig; name = "Pods-MovieDBUITests.debug.xcconfig"; path = "Pods/Target Support Files/Pods-MovieDBUITests/Pods-MovieDBUITests.debug.xcconfig"; sourceTree = "<group>"; };
		CEF9B0CDC36999135B6D88F8 /* Pods-MovieDBTests.debug.xcconfig */ = {isa = PBXFileReference; includeInIndex = 1; lastKnownFileType = text.xcconfig; name = "Pods-MovieDBTests.debug.xcconfig"; path = "Pods/Target Support Files/Pods-MovieDBTests/Pods-MovieDBTests.debug.xcconfig"; sourceTree = "<group>"; };
/* End PBXFileReference section */

/* Begin PBXFrameworksBuildPhase section */
		78CFD32B212873B900519038 /* Frameworks */ = {
			isa = PBXFrameworksBuildPhase;
			buildActionMask = 2147483647;
			files = (
				8172A882745FC448A3930A92 /* Pods_MovieDB.framework in Frameworks */,
			);
			runOnlyForDeploymentPostprocessing = 0;
		};
		78CFD342212873C000519038 /* Frameworks */ = {
			isa = PBXFrameworksBuildPhase;
			buildActionMask = 2147483647;
			files = (
				D94D00E40B4443FEDC2B9015 /* Pods_MovieDBTests.framework in Frameworks */,
			);
			runOnlyForDeploymentPostprocessing = 0;
		};
		78CFD34D212873C000519038 /* Frameworks */ = {
			isa = PBXFrameworksBuildPhase;
			buildActionMask = 2147483647;
			files = (
				9FA048D1D2F9FFDABD8638E0 /* Pods_MovieDBUITests.framework in Frameworks */,
			);
			runOnlyForDeploymentPostprocessing = 0;
		};
/* End PBXFrameworksBuildPhase section */

/* Begin PBXGroup section */
		0F12FCB66E63B3C7B6DD3020 /* Frameworks */ = {
			isa = PBXGroup;
			children = (
				B9128B7C05B4D3AA0448198E /* Pods_MovieDB.framework */,
				4524388A3B3CA88B1486FFBE /* Pods_MovieDBTests.framework */,
				77E111F2D7CB33199A0F41DA /* Pods_MovieDBUITests.framework */,
			);
			name = Frameworks;
			sourceTree = "<group>";
		};
		781C4DD7212AEEB30075168E /* Network */ = {
			isa = PBXGroup;
			children = (
				781C4DDC212AF6960075168E /* NetworkHelper.swift */,
			);
			path = Network;
			sourceTree = "<group>";
		};
		7856BB2F21299CA20057A193 /* Core */ = {
			isa = PBXGroup;
			children = (
				781C4DD5212AEDAC0075168E /* Result.swift */,
				7856BB4F2129A54B0057A193 /* Gateway */,
				7856BB3021299CA60057A193 /* Entity */,
			);
			path = Core;
			sourceTree = "<group>";
		};
		7856BB3021299CA60057A193 /* Entity */ = {
			isa = PBXGroup;
			children = (
				7856BB3121299CB20057A193 /* Movie.swift */,
				7856BB3521299DBC0057A193 /* Person.swift */,
				7856BB3721299DC70057A193 /* Review.swift */,
				7856BB6F2129B1E90057A193 /* Genre.swift */,
			);
			path = Entity;
			sourceTree = "<group>";
		};
		7856BB3921299DD20057A193 /* Provider */ = {
			isa = PBXGroup;
			children = (
				7856BB3B21299EDD0057A193 /* MovieDetailsProvider.swift */,
				7856BB3F21299F0C0057A193 /* PersonDetailsProvider.swift */,
				7856BB672129B04B0057A193 /* MoviesProvider.swift */,
				7856BB4121299F1E0057A193 /* MoviesSearchProvider.swift */,
				7856BB5D2129AC410057A193 /* DetailedMoviesSearchProvider.swift */,
				7856BB652129B02A0057A193 /* ReviewsProvider.swift */,
			);
			path = Provider;
			sourceTree = "<group>";
		};
		7856BB3A21299DF20057A193 /* Receiver */ = {
			isa = PBXGroup;
			children = (
				7856BB452129A2390057A193 /* MovieDetailsReceiver.swift */,
				7856BB692129B06F0057A193 /* MoviesReceiver.swift */,
				7856BB472129A2430057A193 /* PersonDetailsReceiver.swift */,
				7856BB712129B5170057A193 /* ReviewsReceiver.swift */,
			);
			path = Receiver;
			sourceTree = "<group>";
		};
		7856BB4F2129A54B0057A193 /* Gateway */ = {
			isa = PBXGroup;
			children = (
				7856BB3A21299DF20057A193 /* Receiver */,
				7856BB3921299DD20057A193 /* Provider */,
			);
			path = Gateway;
			sourceTree = "<group>";
		};
		7856BB502129A56A0057A193 /* Gateway */ = {
			isa = PBXGroup;
			children = (
				7856BB532129A58A0057A193 /* Local Persistance */,
				7856BB522129A57A0057A193 /* Cache */,
				7856BB512129A5720057A193 /* Remote Server */,
			);
			path = Gateway;
			sourceTree = "<group>";
		};
		7856BB512129A5720057A193 /* Remote Server */ = {
			isa = PBXGroup;
			children = (
				781C4DD7212AEEB30075168E /* Network */,
				7856BB562129A6520057A193 /* Entity */,
				7856BB552129A6010057A193 /* Provider */,
				7856BB542129A5F90057A193 /* API */,
			);
			path = "Remote Server";
			sourceTree = "<group>";
		};
		7856BB522129A57A0057A193 /* Cache */ = {
			isa = PBXGroup;
			children = (
			);
			path = Cache;
			sourceTree = "<group>";
		};
		7856BB532129A58A0057A193 /* Local Persistance */ = {
			isa = PBXGroup;
			children = (
			);
			path = "Local Persistance";
			sourceTree = "<group>";
		};
		7856BB542129A5F90057A193 /* API */ = {
			isa = PBXGroup;
			children = (
				7856BB2521295C4B0057A193 /* API.swift */,
				7856BB492129A4830057A193 /* MovieSearchAPI.swift */,
				7856BB4B2129A48D0057A193 /* MovieAPI.swift */,
				7856BB4D2129A4970057A193 /* PersonAPI.swift */,
			);
			path = API;
			sourceTree = "<group>";
		};
		7856BB552129A6010057A193 /* Provider */ = {
			isa = PBXGroup;
			children = (
				7856BB6B2129B08F0057A193 /* RemoteMovieDetailsProvider.swift */,
				7856BB6D2129B0990057A193 /* RemotePersonDetailsProvider.swift */,
				781C4DE4212B2CB40075168E /* PagedProvider.swift */,
				781C4DE8212B398D0075168E /* RemoteMoviesSearchProvider.swift */,
				781C4DEC212B50C90075168E /* RemoteDetailedMovieSearchProvider.swift */,
				787517AB212BCD190030F2DD /* RemotePopularMoviesProvider.swift */,
				787517AD212BCF5D0030F2DD /* RemoteTopRatedMoviesProvider.swift */,
				787517AF212BD2360030F2DD /* RemoteReviewsProvider.swift */,
			);
			path = Provider;
			sourceTree = "<group>";
		};
		7856BB562129A6520057A193 /* Entity */ = {
			isa = PBXGroup;
			children = (
				7856BB572129A6990057A193 /* MovieRS.swift */,
				7856BB592129A6A40057A193 /* PersonRS.swift */,
				7856BB5B2129A6AB0057A193 /* ReviewRS.swift */,
			);
			path = Entity;
			sourceTree = "<group>";
		};
		78CFD325212873B900519038 = {
			isa = PBXGroup;
			children = (
				78CFD330212873B900519038 /* MovieDB */,
				78CFD348212873C000519038 /* MovieDBTests */,
				78CFD353212873C000519038 /* MovieDBUITests */,
				78CFD32F212873B900519038 /* Products */,
				88876AB0AC0DCD193FD773D6 /* Pods */,
				0F12FCB66E63B3C7B6DD3020 /* Frameworks */,
			);
			sourceTree = "<group>";
		};
		78CFD32F212873B900519038 /* Products */ = {
			isa = PBXGroup;
			children = (
				78CFD32E212873B900519038 /* MovieDB.app */,
				78CFD345212873C000519038 /* MovieDBTests.xctest */,
				78CFD350212873C000519038 /* MovieDBUITests.xctest */,
			);
			name = Products;
			sourceTree = "<group>";
		};
		78CFD330212873B900519038 /* MovieDB */ = {
			isa = PBXGroup;
			children = (
				7856BB502129A56A0057A193 /* Gateway */,
				7856BB2F21299CA20057A193 /* Core */,
				78CFD331212873B900519038 /* AppDelegate.swift */,
				78CFD333212873B900519038 /* ViewController.swift */,
				78CFD335212873B900519038 /* Main.storyboard */,
				78CFD33B212873C000519038 /* Assets.xcassets */,
				78CFD33D212873C000519038 /* LaunchScreen.storyboard */,
				78CFD340212873C000519038 /* Info.plist */,
				78CFD338212873B900519038 /* MovieDB.xcdatamodeld */,
			);
			path = MovieDB;
			sourceTree = "<group>";
		};
		78CFD348212873C000519038 /* MovieDBTests */ = {
			isa = PBXGroup;
			children = (
				781C4DE0212B0E000075168E /* movieDetailsMock.json */,
				781C4DE2212B18360075168E /* personDetailsMock.json */,
				78CFD349212873C000519038 /* MovieDBTests.swift */,
				78CFD34B212873C000519038 /* Info.plist */,
				7856BB2321295B5F0057A193 /* SearchAPITest.swift */,
				7856BB7D2129EF040057A193 /* RemoteServerMappingTest.swift */,
				781C4DDE212B01660075168E /* NetworkHelperMock.swift */,
			);
			path = MovieDBTests;
			sourceTree = "<group>";
		};
		78CFD353212873C000519038 /* MovieDBUITests */ = {
			isa = PBXGroup;
			children = (
				78CFD354212873C000519038 /* MovieDBUITests.swift */,
				78CFD356212873C000519038 /* Info.plist */,
			);
			path = MovieDBUITests;
			sourceTree = "<group>";
		};
		88876AB0AC0DCD193FD773D6 /* Pods */ = {
			isa = PBXGroup;
			children = (
				43150E8BF9686D06E9BA190A /* Pods-MovieDB.debug.xcconfig */,
				46ED782BB50E3619DB075948 /* Pods-MovieDB.release.xcconfig */,
				CEF9B0CDC36999135B6D88F8 /* Pods-MovieDBTests.debug.xcconfig */,
				BE507E0CC0B8E725F747FECC /* Pods-MovieDBTests.release.xcconfig */,
				BFDC523916CE9C3821A0C236 /* Pods-MovieDBUITests.debug.xcconfig */,
				BF3260C247D60CF2EC2F2BAA /* Pods-MovieDBUITests.release.xcconfig */,
			);
			name = Pods;
			sourceTree = "<group>";
		};
/* End PBXGroup section */

/* Begin PBXNativeTarget section */
		78CFD32D212873B900519038 /* MovieDB */ = {
			isa = PBXNativeTarget;
			buildConfigurationList = 78CFD359212873C000519038 /* Build configuration list for PBXNativeTarget "MovieDB" */;
			buildPhases = (
				9BB190576ADDFA3A994E154A /* [CP] Check Pods Manifest.lock */,
				78CFD32A212873B900519038 /* Sources */,
				78CFD32B212873B900519038 /* Frameworks */,
				78CFD32C212873B900519038 /* Resources */,
				14F7749214B5A83E6B86F591 /* [CP] Embed Pods Frameworks */,
			);
			buildRules = (
			);
			dependencies = (
			);
			name = MovieDB;
			productName = MovieDB;
			productReference = 78CFD32E212873B900519038 /* MovieDB.app */;
			productType = "com.apple.product-type.application";
		};
		78CFD344212873C000519038 /* MovieDBTests */ = {
			isa = PBXNativeTarget;
			buildConfigurationList = 78CFD35C212873C000519038 /* Build configuration list for PBXNativeTarget "MovieDBTests" */;
			buildPhases = (
				FBE2A4B1671F59F534CC447D /* [CP] Check Pods Manifest.lock */,
				78CFD341212873C000519038 /* Sources */,
				78CFD342212873C000519038 /* Frameworks */,
				78CFD343212873C000519038 /* Resources */,
			);
			buildRules = (
			);
			dependencies = (
				78CFD347212873C000519038 /* PBXTargetDependency */,
			);
			name = MovieDBTests;
			productName = MovieDBTests;
			productReference = 78CFD345212873C000519038 /* MovieDBTests.xctest */;
			productType = "com.apple.product-type.bundle.unit-test";
		};
		78CFD34F212873C000519038 /* MovieDBUITests */ = {
			isa = PBXNativeTarget;
			buildConfigurationList = 78CFD35F212873C000519038 /* Build configuration list for PBXNativeTarget "MovieDBUITests" */;
			buildPhases = (
				F7869ECB91112422241897BE /* [CP] Check Pods Manifest.lock */,
				78CFD34C212873C000519038 /* Sources */,
				78CFD34D212873C000519038 /* Frameworks */,
				78CFD34E212873C000519038 /* Resources */,
			);
			buildRules = (
			);
			dependencies = (
				78CFD352212873C000519038 /* PBXTargetDependency */,
			);
			name = MovieDBUITests;
			productName = MovieDBUITests;
			productReference = 78CFD350212873C000519038 /* MovieDBUITests.xctest */;
			productType = "com.apple.product-type.bundle.ui-testing";
		};
/* End PBXNativeTarget section */

/* Begin PBXProject section */
		78CFD326212873B900519038 /* Project object */ = {
			isa = PBXProject;
			attributes = {
				LastSwiftUpdateCheck = 1000;
				LastUpgradeCheck = 1000;
				ORGANIZATIONNAME = "Eldar Goloviznin";
				TargetAttributes = {
					78CFD32D212873B900519038 = {
						CreatedOnToolsVersion = 10.0;
					};
					78CFD344212873C000519038 = {
						CreatedOnToolsVersion = 10.0;
						TestTargetID = 78CFD32D212873B900519038;
					};
					78CFD34F212873C000519038 = {
						CreatedOnToolsVersion = 10.0;
						TestTargetID = 78CFD32D212873B900519038;
					};
				};
			};
			buildConfigurationList = 78CFD329212873B900519038 /* Build configuration list for PBXProject "MovieDB" */;
			compatibilityVersion = "Xcode 9.3";
			developmentRegion = en;
			hasScannedForEncodings = 0;
			knownRegions = (
				en,
				Base,
			);
			mainGroup = 78CFD325212873B900519038;
			productRefGroup = 78CFD32F212873B900519038 /* Products */;
			projectDirPath = "";
			projectRoot = "";
			targets = (
				78CFD32D212873B900519038 /* MovieDB */,
				78CFD344212873C000519038 /* MovieDBTests */,
				78CFD34F212873C000519038 /* MovieDBUITests */,
			);
		};
/* End PBXProject section */

/* Begin PBXResourcesBuildPhase section */
		78CFD32C212873B900519038 /* Resources */ = {
			isa = PBXResourcesBuildPhase;
			buildActionMask = 2147483647;
			files = (
				78CFD33F212873C000519038 /* LaunchScreen.storyboard in Resources */,
				78CFD33C212873C000519038 /* Assets.xcassets in Resources */,
				78CFD337212873B900519038 /* Main.storyboard in Resources */,
			);
			runOnlyForDeploymentPostprocessing = 0;
		};
		78CFD343212873C000519038 /* Resources */ = {
			isa = PBXResourcesBuildPhase;
			buildActionMask = 2147483647;
			files = (
				781C4DE1212B0E000075168E /* movieDetailsMock.json in Resources */,
				781C4DE3212B18360075168E /* personDetailsMock.json in Resources */,
			);
			runOnlyForDeploymentPostprocessing = 0;
		};
		78CFD34E212873C000519038 /* Resources */ = {
			isa = PBXResourcesBuildPhase;
			buildActionMask = 2147483647;
			files = (
			);
			runOnlyForDeploymentPostprocessing = 0;
		};
/* End PBXResourcesBuildPhase section */

/* Begin PBXShellScriptBuildPhase section */
		14F7749214B5A83E6B86F591 /* [CP] Embed Pods Frameworks */ = {
			isa = PBXShellScriptBuildPhase;
			buildActionMask = 2147483647;
			files = (
			);
			inputPaths = (
				"${SRCROOT}/Pods/Target Support Files/Pods-MovieDB/Pods-MovieDB-frameworks.sh",
				"${BUILT_PRODUCTS_DIR}/ObjectMapper/ObjectMapper.framework",
				"${BUILT_PRODUCTS_DIR}/SwiftyJSON/SwiftyJSON.framework",
			);
			name = "[CP] Embed Pods Frameworks";
			outputPaths = (
				"${TARGET_BUILD_DIR}/${FRAMEWORKS_FOLDER_PATH}/ObjectMapper.framework",
				"${TARGET_BUILD_DIR}/${FRAMEWORKS_FOLDER_PATH}/SwiftyJSON.framework",
			);
			runOnlyForDeploymentPostprocessing = 0;
			shellPath = /bin/sh;
			shellScript = "\"${SRCROOT}/Pods/Target Support Files/Pods-MovieDB/Pods-MovieDB-frameworks.sh\"\n";
			showEnvVarsInLog = 0;
		};
		9BB190576ADDFA3A994E154A /* [CP] Check Pods Manifest.lock */ = {
			isa = PBXShellScriptBuildPhase;
			buildActionMask = 2147483647;
			files = (
			);
			inputPaths = (
				"${PODS_PODFILE_DIR_PATH}/Podfile.lock",
				"${PODS_ROOT}/Manifest.lock",
			);
			name = "[CP] Check Pods Manifest.lock";
			outputPaths = (
				"$(DERIVED_FILE_DIR)/Pods-MovieDB-checkManifestLockResult.txt",
			);
			runOnlyForDeploymentPostprocessing = 0;
			shellPath = /bin/sh;
			shellScript = "diff \"${PODS_PODFILE_DIR_PATH}/Podfile.lock\" \"${PODS_ROOT}/Manifest.lock\" > /dev/null\nif [ $? != 0 ] ; then\n    # print error to STDERR\n    echo \"error: The sandbox is not in sync with the Podfile.lock. Run 'pod install' or update your CocoaPods installation.\" >&2\n    exit 1\nfi\n# This output is used by Xcode 'outputs' to avoid re-running this script phase.\necho \"SUCCESS\" > \"${SCRIPT_OUTPUT_FILE_0}\"\n";
			showEnvVarsInLog = 0;
		};
		F7869ECB91112422241897BE /* [CP] Check Pods Manifest.lock */ = {
			isa = PBXShellScriptBuildPhase;
			buildActionMask = 2147483647;
			files = (
			);
			inputPaths = (
				"${PODS_PODFILE_DIR_PATH}/Podfile.lock",
				"${PODS_ROOT}/Manifest.lock",
			);
			name = "[CP] Check Pods Manifest.lock";
			outputPaths = (
				"$(DERIVED_FILE_DIR)/Pods-MovieDBUITests-checkManifestLockResult.txt",
			);
			runOnlyForDeploymentPostprocessing = 0;
			shellPath = /bin/sh;
			shellScript = "diff \"${PODS_PODFILE_DIR_PATH}/Podfile.lock\" \"${PODS_ROOT}/Manifest.lock\" > /dev/null\nif [ $? != 0 ] ; then\n    # print error to STDERR\n    echo \"error: The sandbox is not in sync with the Podfile.lock. Run 'pod install' or update your CocoaPods installation.\" >&2\n    exit 1\nfi\n# This output is used by Xcode 'outputs' to avoid re-running this script phase.\necho \"SUCCESS\" > \"${SCRIPT_OUTPUT_FILE_0}\"\n";
			showEnvVarsInLog = 0;
		};
		FBE2A4B1671F59F534CC447D /* [CP] Check Pods Manifest.lock */ = {
			isa = PBXShellScriptBuildPhase;
			buildActionMask = 2147483647;
			files = (
			);
			inputPaths = (
				"${PODS_PODFILE_DIR_PATH}/Podfile.lock",
				"${PODS_ROOT}/Manifest.lock",
			);
			name = "[CP] Check Pods Manifest.lock";
			outputPaths = (
				"$(DERIVED_FILE_DIR)/Pods-MovieDBTests-checkManifestLockResult.txt",
			);
			runOnlyForDeploymentPostprocessing = 0;
			shellPath = /bin/sh;
			shellScript = "diff \"${PODS_PODFILE_DIR_PATH}/Podfile.lock\" \"${PODS_ROOT}/Manifest.lock\" > /dev/null\nif [ $? != 0 ] ; then\n    # print error to STDERR\n    echo \"error: The sandbox is not in sync with the Podfile.lock. Run 'pod install' or update your CocoaPods installation.\" >&2\n    exit 1\nfi\n# This output is used by Xcode 'outputs' to avoid re-running this script phase.\necho \"SUCCESS\" > \"${SCRIPT_OUTPUT_FILE_0}\"\n";
			showEnvVarsInLog = 0;
		};
/* End PBXShellScriptBuildPhase section */

/* Begin PBXSourcesBuildPhase section */
		78CFD32A212873B900519038 /* Sources */ = {
			isa = PBXSourcesBuildPhase;
			buildActionMask = 2147483647;
			files = (
				781C4DD6212AEDAC0075168E /* Result.swift in Sources */,
				781C4DE5212B2CB40075168E /* PagedProvider.swift in Sources */,
				787517AE212BCF5D0030F2DD /* RemoteTopRatedMoviesProvider.swift in Sources */,
				7856BB722129B5170057A193 /* ReviewsReceiver.swift in Sources */,
				7856BB682129B04B0057A193 /* MoviesProvider.swift in Sources */,
				7856BB662129B02A0057A193 /* ReviewsProvider.swift in Sources */,
				78CFD334212873B900519038 /* ViewController.swift in Sources */,
				7856BB6E2129B0990057A193 /* RemotePersonDetailsProvider.swift in Sources */,
				7856BB3821299DC70057A193 /* Review.swift in Sources */,
				7856BB5C2129A6AB0057A193 /* ReviewRS.swift in Sources */,
				7856BB482129A2430057A193 /* PersonDetailsReceiver.swift in Sources */,
				7856BB5E2129AC410057A193 /* DetailedMoviesSearchProvider.swift in Sources */,
				78CFD33A212873B900519038 /* MovieDB.xcdatamodeld in Sources */,
				7856BB5A2129A6A40057A193 /* PersonRS.swift in Sources */,
				7856BB6C2129B08F0057A193 /* RemoteMovieDetailsProvider.swift in Sources */,
				7856BB4221299F1E0057A193 /* MoviesSearchProvider.swift in Sources */,
				7856BB3221299CB20057A193 /* Movie.swift in Sources */,
				78CFD332212873B900519038 /* AppDelegate.swift in Sources */,
				781C4DED212B50C90075168E /* RemoteDetailedMovieSearchProvider.swift in Sources */,
				7856BB3621299DBC0057A193 /* Person.swift in Sources */,
				7856BB6A2129B06F0057A193 /* MoviesReceiver.swift in Sources */,
				7856BB3C21299EDD0057A193 /* MovieDetailsProvider.swift in Sources */,
				7856BB4C2129A48D0057A193 /* MovieAPI.swift in Sources */,
				781C4DDD212AF6960075168E /* NetworkHelper.swift in Sources */,
				787517B0212BD2360030F2DD /* RemoteReviewsProvider.swift in Sources */,
				7856BB4E2129A4970057A193 /* PersonAPI.swift in Sources */,
				7856BB702129B1E90057A193 /* Genre.swift in Sources */,
				7856BB2621295C4B0057A193 /* API.swift in Sources */,
				7856BB462129A2390057A193 /* MovieDetailsReceiver.swift in Sources */,
				787517AC212BCD190030F2DD /* RemotePopularMoviesProvider.swift in Sources */,
				7856BB582129A6990057A193 /* MovieRS.swift in Sources */,
				7856BB4021299F0C0057A193 /* PersonDetailsProvider.swift in Sources */,
				7856BB4A2129A4830057A193 /* MovieSearchAPI.swift in Sources */,
				781C4DE9212B398D0075168E /* RemoteMoviesSearchProvider.swift in Sources */,
			);
			runOnlyForDeploymentPostprocessing = 0;
		};
		78CFD341212873C000519038 /* Sources */ = {
			isa = PBXSourcesBuildPhase;
			buildActionMask = 2147483647;
			files = (
				78CFD34A212873C000519038 /* MovieDBTests.swift in Sources */,
				7856BB2B212960610057A193 /* SearchAPITest.swift in Sources */,
				781C4DDF212B01660075168E /* NetworkHelperMock.swift in Sources */,
				7856BB7E2129EF040057A193 /* RemoteServerMappingTest.swift in Sources */,
			);
			runOnlyForDeploymentPostprocessing = 0;
		};
		78CFD34C212873C000519038 /* Sources */ = {
			isa = PBXSourcesBuildPhase;
			buildActionMask = 2147483647;
			files = (
				78CFD355212873C000519038 /* MovieDBUITests.swift in Sources */,
			);
			runOnlyForDeploymentPostprocessing = 0;
		};
/* End PBXSourcesBuildPhase section */

/* Begin PBXTargetDependency section */
		78CFD347212873C000519038 /* PBXTargetDependency */ = {
			isa = PBXTargetDependency;
			target = 78CFD32D212873B900519038 /* MovieDB */;
			targetProxy = 78CFD346212873C000519038 /* PBXContainerItemProxy */;
		};
		78CFD352212873C000519038 /* PBXTargetDependency */ = {
			isa = PBXTargetDependency;
			target = 78CFD32D212873B900519038 /* MovieDB */;
			targetProxy = 78CFD351212873C000519038 /* PBXContainerItemProxy */;
		};
/* End PBXTargetDependency section */

/* Begin PBXVariantGroup section */
		78CFD335212873B900519038 /* Main.storyboard */ = {
			isa = PBXVariantGroup;
			children = (
				78CFD336212873B900519038 /* Base */,
			);
			name = Main.storyboard;
			sourceTree = "<group>";
		};
		78CFD33D212873C000519038 /* LaunchScreen.storyboard */ = {
			isa = PBXVariantGroup;
			children = (
				78CFD33E212873C000519038 /* Base */,
			);
			name = LaunchScreen.storyboard;
			sourceTree = "<group>";
		};
/* End PBXVariantGroup section */

/* Begin XCBuildConfiguration section */
		78CFD357212873C000519038 /* Debug */ = {
			isa = XCBuildConfiguration;
			buildSettings = {
				ALWAYS_SEARCH_USER_PATHS = NO;
				CLANG_ANALYZER_NONNULL = YES;
				CLANG_ANALYZER_NUMBER_OBJECT_CONVERSION = YES_AGGRESSIVE;
				CLANG_CXX_LANGUAGE_STANDARD = "gnu++14";
				CLANG_CXX_LIBRARY = "libc++";
				CLANG_ENABLE_MODULES = YES;
				CLANG_ENABLE_OBJC_ARC = YES;
				CLANG_ENABLE_OBJC_WEAK = YES;
				CLANG_WARN_BLOCK_CAPTURE_AUTORELEASING = YES;
				CLANG_WARN_BOOL_CONVERSION = YES;
				CLANG_WARN_COMMA = YES;
				CLANG_WARN_CONSTANT_CONVERSION = YES;
				CLANG_WARN_DEPRECATED_OBJC_IMPLEMENTATIONS = YES;
				CLANG_WARN_DIRECT_OBJC_ISA_USAGE = YES_ERROR;
				CLANG_WARN_DOCUMENTATION_COMMENTS = YES;
				CLANG_WARN_EMPTY_BODY = YES;
				CLANG_WARN_ENUM_CONVERSION = YES;
				CLANG_WARN_INFINITE_RECURSION = YES;
				CLANG_WARN_INT_CONVERSION = YES;
				CLANG_WARN_NON_LITERAL_NULL_CONVERSION = YES;
				CLANG_WARN_OBJC_IMPLICIT_RETAIN_SELF = YES;
				CLANG_WARN_OBJC_LITERAL_CONVERSION = YES;
				CLANG_WARN_OBJC_ROOT_CLASS = YES_ERROR;
				CLANG_WARN_RANGE_LOOP_ANALYSIS = YES;
				CLANG_WARN_STRICT_PROTOTYPES = YES;
				CLANG_WARN_SUSPICIOUS_MOVE = YES;
				CLANG_WARN_UNGUARDED_AVAILABILITY = YES_AGGRESSIVE;
				CLANG_WARN_UNREACHABLE_CODE = YES;
				CLANG_WARN__DUPLICATE_METHOD_MATCH = YES;
				CODE_SIGN_IDENTITY = "iPhone Developer";
				COPY_PHASE_STRIP = NO;
				DEBUG_INFORMATION_FORMAT = dwarf;
				ENABLE_STRICT_OBJC_MSGSEND = YES;
				ENABLE_TESTABILITY = YES;
				GCC_C_LANGUAGE_STANDARD = gnu11;
				GCC_DYNAMIC_NO_PIC = NO;
				GCC_NO_COMMON_BLOCKS = YES;
				GCC_OPTIMIZATION_LEVEL = 0;
				GCC_PREPROCESSOR_DEFINITIONS = (
					"DEBUG=1",
					"$(inherited)",
				);
				GCC_WARN_64_TO_32_BIT_CONVERSION = YES;
				GCC_WARN_ABOUT_RETURN_TYPE = YES_ERROR;
				GCC_WARN_UNDECLARED_SELECTOR = YES;
				GCC_WARN_UNINITIALIZED_AUTOS = YES_AGGRESSIVE;
				GCC_WARN_UNUSED_FUNCTION = YES;
				GCC_WARN_UNUSED_VARIABLE = YES;
				IPHONEOS_DEPLOYMENT_TARGET = 12.0;
				MTL_ENABLE_DEBUG_INFO = INCLUDE_SOURCE;
				MTL_FAST_MATH = YES;
				ONLY_ACTIVE_ARCH = YES;
				SDKROOT = iphoneos;
				SWIFT_ACTIVE_COMPILATION_CONDITIONS = DEBUG;
				SWIFT_OPTIMIZATION_LEVEL = "-Onone";
			};
			name = Debug;
		};
		78CFD358212873C000519038 /* Release */ = {
			isa = XCBuildConfiguration;
			buildSettings = {
				ALWAYS_SEARCH_USER_PATHS = NO;
				CLANG_ANALYZER_NONNULL = YES;
				CLANG_ANALYZER_NUMBER_OBJECT_CONVERSION = YES_AGGRESSIVE;
				CLANG_CXX_LANGUAGE_STANDARD = "gnu++14";
				CLANG_CXX_LIBRARY = "libc++";
				CLANG_ENABLE_MODULES = YES;
				CLANG_ENABLE_OBJC_ARC = YES;
				CLANG_ENABLE_OBJC_WEAK = YES;
				CLANG_WARN_BLOCK_CAPTURE_AUTORELEASING = YES;
				CLANG_WARN_BOOL_CONVERSION = YES;
				CLANG_WARN_COMMA = YES;
				CLANG_WARN_CONSTANT_CONVERSION = YES;
				CLANG_WARN_DEPRECATED_OBJC_IMPLEMENTATIONS = YES;
				CLANG_WARN_DIRECT_OBJC_ISA_USAGE = YES_ERROR;
				CLANG_WARN_DOCUMENTATION_COMMENTS = YES;
				CLANG_WARN_EMPTY_BODY = YES;
				CLANG_WARN_ENUM_CONVERSION = YES;
				CLANG_WARN_INFINITE_RECURSION = YES;
				CLANG_WARN_INT_CONVERSION = YES;
				CLANG_WARN_NON_LITERAL_NULL_CONVERSION = YES;
				CLANG_WARN_OBJC_IMPLICIT_RETAIN_SELF = YES;
				CLANG_WARN_OBJC_LITERAL_CONVERSION = YES;
				CLANG_WARN_OBJC_ROOT_CLASS = YES_ERROR;
				CLANG_WARN_RANGE_LOOP_ANALYSIS = YES;
				CLANG_WARN_STRICT_PROTOTYPES = YES;
				CLANG_WARN_SUSPICIOUS_MOVE = YES;
				CLANG_WARN_UNGUARDED_AVAILABILITY = YES_AGGRESSIVE;
				CLANG_WARN_UNREACHABLE_CODE = YES;
				CLANG_WARN__DUPLICATE_METHOD_MATCH = YES;
				CODE_SIGN_IDENTITY = "iPhone Developer";
				COPY_PHASE_STRIP = NO;
				DEBUG_INFORMATION_FORMAT = "dwarf-with-dsym";
				ENABLE_NS_ASSERTIONS = NO;
				ENABLE_STRICT_OBJC_MSGSEND = YES;
				GCC_C_LANGUAGE_STANDARD = gnu11;
				GCC_NO_COMMON_BLOCKS = YES;
				GCC_WARN_64_TO_32_BIT_CONVERSION = YES;
				GCC_WARN_ABOUT_RETURN_TYPE = YES_ERROR;
				GCC_WARN_UNDECLARED_SELECTOR = YES;
				GCC_WARN_UNINITIALIZED_AUTOS = YES_AGGRESSIVE;
				GCC_WARN_UNUSED_FUNCTION = YES;
				GCC_WARN_UNUSED_VARIABLE = YES;
				IPHONEOS_DEPLOYMENT_TARGET = 12.0;
				MTL_ENABLE_DEBUG_INFO = NO;
				MTL_FAST_MATH = YES;
				SDKROOT = iphoneos;
				SWIFT_COMPILATION_MODE = wholemodule;
				SWIFT_OPTIMIZATION_LEVEL = "-O";
				VALIDATE_PRODUCT = YES;
			};
			name = Release;
		};
		78CFD35A212873C000519038 /* Debug */ = {
			isa = XCBuildConfiguration;
			baseConfigurationReference = 43150E8BF9686D06E9BA190A /* Pods-MovieDB.debug.xcconfig */;
			buildSettings = {
				ASSETCATALOG_COMPILER_APPICON_NAME = AppIcon;
				CODE_SIGN_STYLE = Automatic;
				DEVELOPMENT_TEAM = JD6X7BWBF5;
				INFOPLIST_FILE = MovieDB/Info.plist;
				LD_RUNPATH_SEARCH_PATHS = (
					"$(inherited)",
					"@executable_path/Frameworks",
				);
				PRODUCT_BUNDLE_IDENTIFIER = com.goloviznin.eldar.MovieDB;
				PRODUCT_NAME = "$(TARGET_NAME)";
				SWIFT_VERSION = 4.2;
				TARGETED_DEVICE_FAMILY = "1,2";
			};
			name = Debug;
		};
		78CFD35B212873C000519038 /* Release */ = {
			isa = XCBuildConfiguration;
			baseConfigurationReference = 46ED782BB50E3619DB075948 /* Pods-MovieDB.release.xcconfig */;
			buildSettings = {
				ASSETCATALOG_COMPILER_APPICON_NAME = AppIcon;
				CODE_SIGN_STYLE = Automatic;
				DEVELOPMENT_TEAM = JD6X7BWBF5;
				INFOPLIST_FILE = MovieDB/Info.plist;
				LD_RUNPATH_SEARCH_PATHS = (
					"$(inherited)",
					"@executable_path/Frameworks",
				);
				PRODUCT_BUNDLE_IDENTIFIER = com.goloviznin.eldar.MovieDB;
				PRODUCT_NAME = "$(TARGET_NAME)";
				SWIFT_VERSION = 4.2;
				TARGETED_DEVICE_FAMILY = "1,2";
			};
			name = Release;
		};
		78CFD35D212873C000519038 /* Debug */ = {
			isa = XCBuildConfiguration;
			baseConfigurationReference = CEF9B0CDC36999135B6D88F8 /* Pods-MovieDBTests.debug.xcconfig */;
			buildSettings = {
				ALWAYS_EMBED_SWIFT_STANDARD_LIBRARIES = YES;
				BUNDLE_LOADER = "$(TEST_HOST)";
				CODE_SIGN_STYLE = Automatic;
				DEVELOPMENT_TEAM = JD6X7BWBF5;
				INFOPLIST_FILE = MovieDBTests/Info.plist;
				LD_RUNPATH_SEARCH_PATHS = (
					"$(inherited)",
					"@executable_path/Frameworks",
					"@loader_path/Frameworks",
				);
				PRODUCT_BUNDLE_IDENTIFIER = com.goloviznin.eldar.MovieDBTests;
				PRODUCT_NAME = "$(TARGET_NAME)";
				SWIFT_VERSION = 4.2;
				TARGETED_DEVICE_FAMILY = "1,2";
				TEST_HOST = "$(BUILT_PRODUCTS_DIR)/MovieDB.app/MovieDB";
			};
			name = Debug;
		};
		78CFD35E212873C000519038 /* Release */ = {
			isa = XCBuildConfiguration;
			baseConfigurationReference = BE507E0CC0B8E725F747FECC /* Pods-MovieDBTests.release.xcconfig */;
			buildSettings = {
				ALWAYS_EMBED_SWIFT_STANDARD_LIBRARIES = YES;
				BUNDLE_LOADER = "$(TEST_HOST)";
				CODE_SIGN_STYLE = Automatic;
				DEVELOPMENT_TEAM = JD6X7BWBF5;
				INFOPLIST_FILE = MovieDBTests/Info.plist;
				LD_RUNPATH_SEARCH_PATHS = (
					"$(inherited)",
					"@executable_path/Frameworks",
					"@loader_path/Frameworks",
				);
				PRODUCT_BUNDLE_IDENTIFIER = com.goloviznin.eldar.MovieDBTests;
				PRODUCT_NAME = "$(TARGET_NAME)";
				SWIFT_VERSION = 4.2;
				TARGETED_DEVICE_FAMILY = "1,2";
				TEST_HOST = "$(BUILT_PRODUCTS_DIR)/MovieDB.app/MovieDB";
			};
			name = Release;
		};
		78CFD360212873C000519038 /* Debug */ = {
			isa = XCBuildConfiguration;
			baseConfigurationReference = BFDC523916CE9C3821A0C236 /* Pods-MovieDBUITests.debug.xcconfig */;
			buildSettings = {
				ALWAYS_EMBED_SWIFT_STANDARD_LIBRARIES = YES;
				CODE_SIGN_STYLE = Automatic;
				DEVELOPMENT_TEAM = JD6X7BWBF5;
				INFOPLIST_FILE = MovieDBUITests/Info.plist;
				LD_RUNPATH_SEARCH_PATHS = (
					"$(inherited)",
					"@executable_path/Frameworks",
					"@loader_path/Frameworks",
				);
				PRODUCT_BUNDLE_IDENTIFIER = com.goloviznin.eldar.MovieDBUITests;
				PRODUCT_NAME = "$(TARGET_NAME)";
				SWIFT_VERSION = 4.2;
				TARGETED_DEVICE_FAMILY = "1,2";
				TEST_TARGET_NAME = MovieDB;
			};
			name = Debug;
		};
		78CFD361212873C000519038 /* Release */ = {
			isa = XCBuildConfiguration;
			baseConfigurationReference = BF3260C247D60CF2EC2F2BAA /* Pods-MovieDBUITests.release.xcconfig */;
			buildSettings = {
				ALWAYS_EMBED_SWIFT_STANDARD_LIBRARIES = YES;
				CODE_SIGN_STYLE = Automatic;
				DEVELOPMENT_TEAM = JD6X7BWBF5;
				INFOPLIST_FILE = MovieDBUITests/Info.plist;
				LD_RUNPATH_SEARCH_PATHS = (
					"$(inherited)",
					"@executable_path/Frameworks",
					"@loader_path/Frameworks",
				);
				PRODUCT_BUNDLE_IDENTIFIER = com.goloviznin.eldar.MovieDBUITests;
				PRODUCT_NAME = "$(TARGET_NAME)";
				SWIFT_VERSION = 4.2;
				TARGETED_DEVICE_FAMILY = "1,2";
				TEST_TARGET_NAME = MovieDB;
			};
			name = Release;
		};
/* End XCBuildConfiguration section */

/* Begin XCConfigurationList section */
		78CFD329212873B900519038 /* Build configuration list for PBXProject "MovieDB" */ = {
			isa = XCConfigurationList;
			buildConfigurations = (
				78CFD357212873C000519038 /* Debug */,
				78CFD358212873C000519038 /* Release */,
			);
			defaultConfigurationIsVisible = 0;
			defaultConfigurationName = Release;
		};
		78CFD359212873C000519038 /* Build configuration list for PBXNativeTarget "MovieDB" */ = {
			isa = XCConfigurationList;
			buildConfigurations = (
				78CFD35A212873C000519038 /* Debug */,
				78CFD35B212873C000519038 /* Release */,
			);
			defaultConfigurationIsVisible = 0;
			defaultConfigurationName = Release;
		};
		78CFD35C212873C000519038 /* Build configuration list for PBXNativeTarget "MovieDBTests" */ = {
			isa = XCConfigurationList;
			buildConfigurations = (
				78CFD35D212873C000519038 /* Debug */,
				78CFD35E212873C000519038 /* Release */,
			);
			defaultConfigurationIsVisible = 0;
			defaultConfigurationName = Release;
		};
		78CFD35F212873C000519038 /* Build configuration list for PBXNativeTarget "MovieDBUITests" */ = {
			isa = XCConfigurationList;
			buildConfigurations = (
				78CFD360212873C000519038 /* Debug */,
				78CFD361212873C000519038 /* Release */,
			);
			defaultConfigurationIsVisible = 0;
			defaultConfigurationName = Release;
		};
/* End XCConfigurationList section */

/* Begin XCVersionGroup section */
		78CFD338212873B900519038 /* MovieDB.xcdatamodeld */ = {
			isa = XCVersionGroup;
			children = (
				78CFD339212873B900519038 /* MovieDB.xcdatamodel */,
			);
			currentVersion = 78CFD339212873B900519038 /* MovieDB.xcdatamodel */;
			path = MovieDB.xcdatamodeld;
			sourceTree = "<group>";
			versionGroupType = wrapper.xcdatamodel;
		};
/* End XCVersionGroup section */
	};
	rootObject = 78CFD326212873B900519038 /* Project object */;
}
